
Microsoft Visual Studio Solution File, Format Version 12.00
# Visual Studio Version 17
VisualStudioVersion = 17.8.34525.116
MinimumVisualStudioVersion = 10.0.40219.1
Project("{FAE04EC0-301F-11D3-BF4B-00C04F79EFBC}") = "Pr1", "Pr1\Pr1.csproj", "{94AF1117-94A4-437B-A2AC-11AABE53CC98}"
EndProject
Global
	GlobalSection(SolutionConfigurationPlatforms) = preSolution
		Debug|Any CPU = Debug|Any CPU
		Release|Any CPU = Release|Any CPU
	EndGlobalSection
	GlobalSection(ProjectConfigurationPlatforms) = postSolution
		{94AF1117-94A4-437B-A2AC-11AABE53CC98}.Debug|Any CPU.ActiveCfg = Debug|Any CPU
		{94AF1117-94A4-437B-A2AC-11AABE53CC98}.Debug|Any CPU.Build.0 = Debug|Any CPU
		{94AF1117-94A4-437B-A2AC-11AABE53CC98}.Release|Any CPU.ActiveCfg = Release|Any CPU
		{94AF1117-94A4-437B-A2AC-11AABE53CC98}.Release|Any CPU.Build.0 = Release|Any CPU
	EndGlobalSection
	GlobalSection(SolutionProperties) = preSolution
		HideSolutionNode = FALSE
	EndGlobalSection
	GlobalSection(ExtensibilityGlobals) = postSolution
		SolutionGuid = {2C37B8A5-17B3-4DD4-86D4-F15F9B09B0E8}
	EndGlobalSection
EndGlobal
